
Microsoft Visual Studio Solution File, Format Version 12.00
# Visual Studio 15
VisualStudioVersion = 15.0.27130.2027
MinimumVisualStudioVersion = 10.0.40219.1
Project("{FAE04EC0-301F-11D3-BF4B-00C04F79EFBC}") = "IndianaInteractiveBankTest", "IndianaInteractiveBankTest\IndianaInteractiveBankTest.csproj", "{93148D81-1EE2-4A61-9B05-0409AF445D5F}"
EndProject
Project("{FAE04EC0-301F-11D3-BF4B-00C04F79EFBC}") = "BankTest", "BankTest\BankTest.csproj", "{75926168-39F6-4BED-86AE-523083EFA419}"
EndProject
Global
	GlobalSection(SolutionConfigurationPlatforms) = preSolution
		Debug|Any CPU = Debug|Any CPU
		Release|Any CPU = Release|Any CPU
	EndGlobalSection
	GlobalSection(ProjectConfigurationPlatforms) = postSolution
		{93148D81-1EE2-4A61-9B05-0409AF445D5F}.Debug|Any CPU.ActiveCfg = Debug|Any CPU
		{93148D81-1EE2-4A61-9B05-0409AF445D5F}.Debug|Any CPU.Build.0 = Debug|Any CPU
		{93148D81-1EE2-4A61-9B05-0409AF445D5F}.Release|Any CPU.ActiveCfg = Release|Any CPU
		{93148D81-1EE2-4A61-9B05-0409AF445D5F}.Release|Any CPU.Build.0 = Release|Any CPU
		{75926168-39F6-4BED-86AE-523083EFA419}.Debug|Any CPU.ActiveCfg = Debug|Any CPU
		{75926168-39F6-4BED-86AE-523083EFA419}.Debug|Any CPU.Build.0 = Debug|Any CPU
		{75926168-39F6-4BED-86AE-523083EFA419}.Release|Any CPU.ActiveCfg = Release|Any CPU
		{75926168-39F6-4BED-86AE-523083EFA419}.Release|Any CPU.Build.0 = Release|Any CPU
	EndGlobalSection
	GlobalSection(SolutionProperties) = preSolution
		HideSolutionNode = FALSE
	EndGlobalSection
	GlobalSection(ExtensibilityGlobals) = postSolution
		SolutionGuid = {AE175543-5A40-4AD2-9622-61277971A0FF}
	EndGlobalSection
EndGlobal
